
Microsoft Visual Studio Solution File, Format Version 12.00
# Visual Studio Version 16
VisualStudioVersion = 16.0.30503.244
MinimumVisualStudioVersion = 10.0.40219.1
Project("{FAE04EC0-301F-11D3-BF4B-00C04F79EFBC}") = "FoodDelivery", "FoodDelivery\FoodDelivery.csproj", "{DB6E9995-CBD9-4A51-9634-02E31322ECDB}"
EndProject
Project("{FAE04EC0-301F-11D3-BF4B-00C04F79EFBC}") = "DataAccess", "DataAccess\DataAccess.csproj", "{14E1B405-2B89-4084-8EAF-CB4A53B7E010}"
EndProject
Project("{FAE04EC0-301F-11D3-BF4B-00C04F79EFBC}") = "Repository", "Repository\Repository.csproj", "{53FD3A43-D9F3-44A3-9EA0-A0A3CECA2CC4}"
EndProject
Project("{FAE04EC0-301F-11D3-BF4B-00C04F79EFBC}") = "DTO", "DTO\DTO.csproj", "{A40C0B7E-9877-4D97-9630-B2D62177030F}"
EndProject
Global
	GlobalSection(SolutionConfigurationPlatforms) = preSolution
		Debug|Any CPU = Debug|Any CPU
		Release|Any CPU = Release|Any CPU
	EndGlobalSection
	GlobalSection(ProjectConfigurationPlatforms) = postSolution
		{DB6E9995-CBD9-4A51-9634-02E31322ECDB}.Debug|Any CPU.ActiveCfg = Debug|Any CPU
		{DB6E9995-CBD9-4A51-9634-02E31322ECDB}.Debug|Any CPU.Build.0 = Debug|Any CPU
		{DB6E9995-CBD9-4A51-9634-02E31322ECDB}.Release|Any CPU.ActiveCfg = Release|Any CPU
		{DB6E9995-CBD9-4A51-9634-02E31322ECDB}.Release|Any CPU.Build.0 = Release|Any CPU
		{14E1B405-2B89-4084-8EAF-CB4A53B7E010}.Debug|Any CPU.ActiveCfg = Debug|Any CPU
		{14E1B405-2B89-4084-8EAF-CB4A53B7E010}.Debug|Any CPU.Build.0 = Debug|Any CPU
		{14E1B405-2B89-4084-8EAF-CB4A53B7E010}.Release|Any CPU.ActiveCfg = Release|Any CPU
		{14E1B405-2B89-4084-8EAF-CB4A53B7E010}.Release|Any CPU.Build.0 = Release|Any CPU
		{53FD3A43-D9F3-44A3-9EA0-A0A3CECA2CC4}.Debug|Any CPU.ActiveCfg = Debug|Any CPU
		{53FD3A43-D9F3-44A3-9EA0-A0A3CECA2CC4}.Debug|Any CPU.Build.0 = Debug|Any CPU
		{53FD3A43-D9F3-44A3-9EA0-A0A3CECA2CC4}.Release|Any CPU.ActiveCfg = Release|Any CPU
		{53FD3A43-D9F3-44A3-9EA0-A0A3CECA2CC4}.Release|Any CPU.Build.0 = Release|Any CPU
		{A40C0B7E-9877-4D97-9630-B2D62177030F}.Debug|Any CPU.ActiveCfg = Debug|Any CPU
		{A40C0B7E-9877-4D97-9630-B2D62177030F}.Debug|Any CPU.Build.0 = Debug|Any CPU
		{A40C0B7E-9877-4D97-9630-B2D62177030F}.Release|Any CPU.ActiveCfg = Release|Any CPU
		{A40C0B7E-9877-4D97-9630-B2D62177030F}.Release|Any CPU.Build.0 = Release|Any CPU
	EndGlobalSection
	GlobalSection(SolutionProperties) = preSolution
		HideSolutionNode = FALSE
	EndGlobalSection
	GlobalSection(ExtensibilityGlobals) = postSolution
		SolutionGuid = {E41A6C46-03C1-479C-95CB-0D135E8271F3}
	EndGlobalSection
EndGlobal
